--- 
dependencies: 
  httparty: 
    group: 
    - :default
    version: ">= 0"
  haml: 
    group: 
    - :default
    version: ">= 0"
  rack: 
    group: 
    - :default
    version: ">= 0"
  sinatra: 
    group: 
    - :default
    version: ">= 0"
    require: []

  bunny: 
    group: 
    - :default
    version: ">= 0"
  configuration: 
    group: 
    - :default
    version: ">= 0"
  shotgun: 
    group: 
    - :default
    version: ">= 0"
    require: []

  launchy: 
    group: 
    - :default
    version: ">= 0"
specs: 
- rake: 
    version: 0.8.7
- bunny: 
    version: 0.6.0
- configuration: 
    version: 1.1.0
- crack: 
    version: 0.1.8
- haml: 
    version: 3.0.13
- httparty: 
    version: 0.6.1
- launchy: 
    version: 0.3.5
- rack: 
    version: 1.2.1
- shotgun: 
    version: "0.8"
- sinatra: 
    version: "1.0"
hash: 13b5bced40eb19c2070f412049813b117d0522fd
sources: 
- Rubygems: 
    uri: http://gemcutter.org
